// !$*UTF8*$!
{
	archiveVersion = 1;
	classes = {
	};
	objectVersion = 55;
	objects = {

/* Begin PBXBuildFile section */
		A025C6B7299734D000945295 /* PlayerView.swift in Sources */ = {isa = PBXBuildFile; fileRef = A025C6B6299734D000945295 /* PlayerView.swift */; };
		A025C6B92997350900945295 /* AVPlayer+Extension.swift in Sources */ = {isa = PBXBuildFile; fileRef = A025C6B82997350900945295 /* AVPlayer+Extension.swift */; };
		A0D7F8B32997119D00F9A959 /* SocialMediaPostCell.swift in Sources */ = {isa = PBXBuildFile; fileRef = A0D7F8B12997119D00F9A959 /* SocialMediaPostCell.swift */; };
		A0D7F8B42997119D00F9A959 /* SocialMediaPostCell.xib in Resources */ = {isa = PBXBuildFile; fileRef = A0D7F8B22997119D00F9A959 /* SocialMediaPostCell.xib */; };
		A0DF6A432997099600020911 /* AppDelegate.swift in Sources */ = {isa = PBXBuildFile; fileRef = A0DF6A422997099600020911 /* AppDelegate.swift */; };
		A0DF6A452997099600020911 /* SceneDelegate.swift in Sources */ = {isa = PBXBuildFile; fileRef = A0DF6A442997099600020911 /* SceneDelegate.swift */; };
		A0DF6A472997099600020911 /* SocialMediaHomeVC.swift in Sources */ = {isa = PBXBuildFile; fileRef = A0DF6A462997099600020911 /* SocialMediaHomeVC.swift */; };
		A0DF6A4A2997099600020911 /* Main.storyboard in Resources */ = {isa = PBXBuildFile; fileRef = A0DF6A482997099600020911 /* Main.storyboard */; };
		A0DF6A4C2997099800020911 /* Assets.xcassets in Resources */ = {isa = PBXBuildFile; fileRef = A0DF6A4B2997099800020911 /* Assets.xcassets */; };
		A0DF6A4F2997099800020911 /* LaunchScreen.storyboard in Resources */ = {isa = PBXBuildFile; fileRef = A0DF6A4D2997099800020911 /* LaunchScreen.storyboard */; };
/* End PBXBuildFile section */

/* Begin PBXFileReference section */
		A025C6B6299734D000945295 /* PlayerView.swift */ = {isa = PBXFileReference; lastKnownFileType = sourcecode.swift; path = PlayerView.swift; sourceTree = "<group>"; };
		A025C6B82997350900945295 /* AVPlayer+Extension.swift */ = {isa = PBXFileReference; lastKnownFileType = sourcecode.swift; path = "AVPlayer+Extension.swift"; sourceTree = "<group>"; };
		A0D7F8B12997119D00F9A959 /* SocialMediaPostCell.swift */ = {isa = PBXFileReference; lastKnownFileType = sourcecode.swift; path = SocialMediaPostCell.swift; sourceTree = "<group>"; };
		A0D7F8B22997119D00F9A959 /* SocialMediaPostCell.xib */ = {isa = PBXFileReference; lastKnownFileType = file.xib; path = SocialMediaPostCell.xib; sourceTree = "<group>"; };
		A0DF6A3F2997099600020911 /* iOSAutoVideo.app */ = {isa = PBXFileReference; explicitFileType = wrapper.application; includeInIndex = 0; path = iOSAutoVideo.app; sourceTree = BUILT_PRODUCTS_DIR; };
		A0DF6A422997099600020911 /* AppDelegate.swift */ = {isa = PBXFileReference; lastKnownFileType = sourcecode.swift; path = AppDelegate.swift; sourceTree = "<group>"; };
		A0DF6A442997099600020911 /* SceneDelegate.swift */ = {isa = PBXFileReference; lastKnownFileType = sourcecode.swift; path = SceneDelegate.swift; sourceTree = "<group>"; };
		A0DF6A462997099600020911 /* SocialMediaHomeVC.swift */ = {isa = PBXFileReference; lastKnownFileType = sourcecode.swift; path = SocialMediaHomeVC.swift; sourceTree = "<group>"; };
		A0DF6A492997099600020911 /* Base */ = {isa = PBXFileReference; lastKnownFileType = file.storyboard; name = Base; path = Base.lproj/Main.storyboard; sourceTree = "<group>"; };
		A0DF6A4B2997099800020911 /* Assets.xcassets */ = {isa = PBXFileReference; lastKnownFileType = folder.assetcatalog; path = Assets.xcassets; sourceTree = "<group>"; };
		A0DF6A4E2997099800020911 /* Base */ = {isa = PBXFileReference; lastKnownFileType = file.storyboard; name = Base; path = Base.lproj/LaunchScreen.storyboard; sourceTree = "<group>"; };
		A0DF6A502997099800020911 /* Info.plist */ = {isa = PBXFileReference; lastKnownFileType = text.plist.xml; path = Info.plist; sourceTree = "<group>"; };
/* End PBXFileReference section */

/* Begin PBXFrameworksBuildPhase section */
		A0DF6A3C2997099600020911 /* Frameworks */ = {
			isa = PBXFrameworksBuildPhase;
			buildActionMask = 2147483647;
			files = (
			);
			runOnlyForDeploymentPostprocessing = 0;
		};
/* End PBXFrameworksBuildPhase section */

/* Begin PBXGroup section */
		A01852D8299826E4001DC23C /* SocialMediaPost */ = {
			isa = PBXGroup;
			children = (
				A0D7F8B12997119D00F9A959 /* SocialMediaPostCell.swift */,
				A0D7F8B22997119D00F9A959 /* SocialMediaPostCell.xib */,
			);
			path = SocialMediaPost;
			sourceTree = "<group>";
		};
		A01852D9299826FA001DC23C /* Storyboard */ = {
			isa = PBXGroup;
			children = (
				A0DF6A4D2997099800020911 /* LaunchScreen.storyboard */,
				A0DF6A482997099600020911 /* Main.storyboard */,
			);
			path = Storyboard;
			sourceTree = "<group>";
		};
		A01852DA2998270B001DC23C /* AV File */ = {
			isa = PBXGroup;
			children = (
				A025C6B82997350900945295 /* AVPlayer+Extension.swift */,
				A025C6B6299734D000945295 /* PlayerView.swift */,
			);
			path = "AV File";
			sourceTree = "<group>";
		};
		A0355A6529981DB000558324 /* Controller */ = {
			isa = PBXGroup;
			children = (
				A0DF6A462997099600020911 /* SocialMediaHomeVC.swift */,
			);
			path = Controller;
			sourceTree = "<group>";
		};
		A0355A6629981DC200558324 /* App Folder */ = {
			isa = PBXGroup;
			children = (
				A0DF6A4B2997099800020911 /* Assets.xcassets */,
				A0DF6A502997099800020911 /* Info.plist */,
				A0DF6A422997099600020911 /* AppDelegate.swift */,
				A0DF6A442997099600020911 /* SceneDelegate.swift */,
			);
			path = "App Folder";
			sourceTree = "<group>";
		};
		A0D7F8B5299711A200F9A959 /* View */ = {
			isa = PBXGroup;
			children = (
				A01852D9299826FA001DC23C /* Storyboard */,
				A01852D8299826E4001DC23C /* SocialMediaPost */,
			);
			path = View;
			sourceTree = "<group>";
		};
		A0DF6A362997099600020911 = {
			isa = PBXGroup;
			children = (
				A0DF6A412997099600020911 /* iOSAutoVideo */,
				A0DF6A402997099600020911 /* Products */,
			);
			sourceTree = "<group>";
		};
		A0DF6A402997099600020911 /* Products */ = {
			isa = PBXGroup;
			children = (
				A0DF6A3F2997099600020911 /* iOSAutoVideo.app */,
			);
			name = Products;
			sourceTree = "<group>";
		};
		A0DF6A412997099600020911 /* iOSAutoVideo */ = {
			isa = PBXGroup;
			children = (
				A0355A6629981DC200558324 /* App Folder */,
				A0D7F8B5299711A200F9A959 /* View */,
				A0355A6529981DB000558324 /* Controller */,
				A01852DA2998270B001DC23C /* AV File */,
			);
			path = iOSAutoVideo;
			sourceTree = "<group>";
		};
/* End PBXGroup section */

/* Begin PBXNativeTarget section */
		A0DF6A3E2997099600020911 /* iOSAutoVideo */ = {
			isa = PBXNativeTarget;
			buildConfigurationList = A0DF6A532997099800020911 /* Build configuration list for PBXNativeTarget "iOSAutoVideo" */;
			buildPhases = (
				A0DF6A3B2997099600020911 /* Sources */,
				A0DF6A3C2997099600020911 /* Frameworks */,
				A0DF6A3D2997099600020911 /* Resources */,
			);
			buildRules = (
			);
			dependencies = (
			);
			name = iOSAutoVideo;
			productName = iOSAutoVideo;
			productReference = A0DF6A3F2997099600020911 /* iOSAutoVideo.app */;
			productType = "com.apple.product-type.application";
		};
/* End PBXNativeTarget section */

/* Begin PBXProject section */
		A0DF6A372997099600020911 /* Project object */ = {
			isa = PBXProject;
			attributes = {
				BuildIndependentTargetsInParallel = 1;
				LastSwiftUpdateCheck = 1340;
				LastUpgradeCheck = 1340;
				TargetAttributes = {
					A0DF6A3E2997099600020911 = {
						CreatedOnToolsVersion = 13.4.1;
					};
				};
			};
			buildConfigurationList = A0DF6A3A2997099600020911 /* Build configuration list for PBXProject "iOSAutoVideo" */;
			compatibilityVersion = "Xcode 13.0";
			developmentRegion = en;
			hasScannedForEncodings = 0;
			knownRegions = (
				en,
				Base,
			);
			mainGroup = A0DF6A362997099600020911;
			productRefGroup = A0DF6A402997099600020911 /* Products */;
			projectDirPath = "";
			projectRoot = "";
			targets = (
				A0DF6A3E2997099600020911 /* iOSAutoVideo */,
			);
		};
/* End PBXProject section */

/* Begin PBXResourcesBuildPhase section */
		A0DF6A3D2997099600020911 /* Resources */ = {
			isa = PBXResourcesBuildPhase;
			buildActionMask = 2147483647;
			files = (
				A0DF6A4F2997099800020911 /* LaunchScreen.storyboard in Resources */,
				A0D7F8B42997119D00F9A959 /* SocialMediaPostCell.xib in Resources */,
				A0DF6A4C2997099800020911 /* Assets.xcassets in Resources */,
				A0DF6A4A2997099600020911 /* Main.storyboard in Resources */,
			);
			runOnlyForDeploymentPostprocessing = 0;
		};
/* End PBXResourcesBuildPhase section */

/* Begin PBXSourcesBuildPhase section */
		A0DF6A3B2997099600020911 /* Sources */ = {
			isa = PBXSourcesBuildPhase;
			buildActionMask = 2147483647;
			files = (
				A0DF6A472997099600020911 /* SocialMediaHomeVC.swift in Sources */,
				A0D7F8B32997119D00F9A959 /* SocialMediaPostCell.swift in Sources */,
				A0DF6A432997099600020911 /* AppDelegate.swift in Sources */,
				A025C6B7299734D000945295 /* PlayerView.swift in Sources */,
				A0DF6A452997099600020911 /* SceneDelegate.swift in Sources */,
				A025C6B92997350900945295 /* AVPlayer+Extension.swift in Sources */,
			);
			runOnlyForDeploymentPostprocessing = 0;
		};
/* End PBXSourcesBuildPhase section */

/* Begin PBXVariantGroup section */
		A0DF6A482997099600020911 /* Main.storyboard */ = {
			isa = PBXVariantGroup;
			children = (
				A0DF6A492997099600020911 /* Base */,
			);
			name = Main.storyboard;
			sourceTree = "<group>";
		};
		A0DF6A4D2997099800020911 /* LaunchScreen.storyboard */ = {
			isa = PBXVariantGroup;
			children = (
				A0DF6A4E2997099800020911 /* Base */,
			);
			name = LaunchScreen.storyboard;
			sourceTree = "<group>";
		};
/* End PBXVariantGroup section */

/* Begin XCBuildConfiguration section */
		A0DF6A512997099800020911 /* Debug */ = {
			isa = XCBuildConfiguration;
			buildSettings = {
				ALWAYS_SEARCH_USER_PATHS = NO;
				CLANG_ANALYZER_NONNULL = YES;
				CLANG_ANALYZER_NUMBER_OBJECT_CONVERSION = YES_AGGRESSIVE;
				CLANG_CXX_LANGUAGE_STANDARD = "gnu++17";
				CLANG_ENABLE_MODULES = YES;
				CLANG_ENABLE_OBJC_ARC = YES;
				CLANG_ENABLE_OBJC_WEAK = YES;
				CLANG_WARN_BLOCK_CAPTURE_AUTORELEASING = YES;
				CLANG_WARN_BOOL_CONVERSION = YES;
				CLANG_WARN_COMMA = YES;
				CLANG_WARN_CONSTANT_CONVERSION = YES;
				CLANG_WARN_DEPRECATED_OBJC_IMPLEMENTATIONS = YES;
				CLANG_WARN_DIRECT_OBJC_ISA_USAGE = YES_ERROR;
				CLANG_WARN_DOCUMENTATION_COMMENTS = YES;
				CLANG_WARN_EMPTY_BODY = YES;
				CLANG_WARN_ENUM_CONVERSION = YES;
				CLANG_WARN_INFINITE_RECURSION = YES;
				CLANG_WARN_INT_CONVERSION = YES;
				CLANG_WARN_NON_LITERAL_NULL_CONVERSION = YES;
				CLANG_WARN_OBJC_IMPLICIT_RETAIN_SELF = YES;
				CLANG_WARN_OBJC_LITERAL_CONVERSION = YES;
				CLANG_WARN_OBJC_ROOT_CLASS = YES_ERROR;
				CLANG_WARN_QUOTED_INCLUDE_IN_FRAMEWORK_HEADER = YES;
				CLANG_WARN_RANGE_LOOP_ANALYSIS = YES;
				CLANG_WARN_STRICT_PROTOTYPES = YES;
				CLANG_WARN_SUSPICIOUS_MOVE = YES;
				CLANG_WARN_UNGUARDED_AVAILABILITY = YES_AGGRESSIVE;
				CLANG_WARN_UNREACHABLE_CODE = YES;
				CLANG_WARN__DUPLICATE_METHOD_MATCH = YES;
				COPY_PHASE_STRIP = NO;
				DEBUG_INFORMATION_FORMAT = dwarf;
				ENABLE_STRICT_OBJC_MSGSEND = YES;
				ENABLE_TESTABILITY = YES;
				GCC_C_LANGUAGE_STANDARD = gnu11;
				GCC_DYNAMIC_NO_PIC = NO;
				GCC_NO_COMMON_BLOCKS = YES;
				GCC_OPTIMIZATION_LEVEL = 0;
				GCC_PREPROCESSOR_DEFINITIONS = (
					"DEBUG=1",
					"$(inherited)",
				);
				GCC_WARN_64_TO_32_BIT_CONVERSION = YES;
				GCC_WARN_ABOUT_RETURN_TYPE = YES_ERROR;
				GCC_WARN_UNDECLARED_SELECTOR = YES;
				GCC_WARN_UNINITIALIZED_AUTOS = YES_AGGRESSIVE;
				GCC_WARN_UNUSED_FUNCTION = YES;
				GCC_WARN_UNUSED_VARIABLE = YES;
				IPHONEOS_DEPLOYMENT_TARGET = 15.5;
				MTL_ENABLE_DEBUG_INFO = INCLUDE_SOURCE;
				MTL_FAST_MATH = YES;
				ONLY_ACTIVE_ARCH = YES;
				SDKROOT = iphoneos;
				SWIFT_ACTIVE_COMPILATION_CONDITIONS = DEBUG;
				SWIFT_OPTIMIZATION_LEVEL = "-Onone";
			};
			name = Debug;
		};
		A0DF6A522997099800020911 /* Release */ = {
			isa = XCBuildConfiguration;
			buildSettings = {
				ALWAYS_SEARCH_USER_PATHS = NO;
				CLANG_ANALYZER_NONNULL = YES;
				CLANG_ANALYZER_NUMBER_OBJECT_CONVERSION = YES_AGGRESSIVE;
				CLANG_CXX_LANGUAGE_STANDARD = "gnu++17";
				CLANG_ENABLE_MODULES = YES;
				CLANG_ENABLE_OBJC_ARC = YES;
				CLANG_ENABLE_OBJC_WEAK = YES;
				CLANG_WARN_BLOCK_CAPTURE_AUTORELEASING = YES;
				CLANG_WARN_BOOL_CONVERSION = YES;
				CLANG_WARN_COMMA = YES;
				CLANG_WARN_CONSTANT_CONVERSION = YES;
				CLANG_WARN_DEPRECATED_OBJC_IMPLEMENTATIONS = YES;
				CLANG_WARN_DIRECT_OBJC_ISA_USAGE = YES_ERROR;
				CLANG_WARN_DOCUMENTATION_COMMENTS = YES;
				CLANG_WARN_EMPTY_BODY = YES;
				CLANG_WARN_ENUM_CONVERSION = YES;
				CLANG_WARN_INFINITE_RECURSION = YES;
				CLANG_WARN_INT_CONVERSION = YES;
				CLANG_WARN_NON_LITERAL_NULL_CONVERSION = YES;
				CLANG_WARN_OBJC_IMPLICIT_RETAIN_SELF = YES;
				CLANG_WARN_OBJC_LITERAL_CONVERSION = YES;
				CLANG_WARN_OBJC_ROOT_CLASS = YES_ERROR;
				CLANG_WARN_QUOTED_INCLUDE_IN_FRAMEWORK_HEADER = YES;
				CLANG_WARN_RANGE_LOOP_ANALYSIS = YES;
				CLANG_WARN_STRICT_PROTOTYPES = YES;
				CLANG_WARN_SUSPICIOUS_MOVE = YES;
				CLANG_WARN_UNGUARDED_AVAILABILITY = YES_AGGRESSIVE;
				CLANG_WARN_UNREACHABLE_CODE = YES;
				CLANG_WARN__DUPLICATE_METHOD_MATCH = YES;
				COPY_PHASE_STRIP = NO;
				DEBUG_INFORMATION_FORMAT = "dwarf-with-dsym";
				ENABLE_NS_ASSERTIONS = NO;
				ENABLE_STRICT_OBJC_MSGSEND = YES;
				GCC_C_LANGUAGE_STANDARD = gnu11;
				GCC_NO_COMMON_BLOCKS = YES;
				GCC_WARN_64_TO_32_BIT_CONVERSION = YES;
				GCC_WARN_ABOUT_RETURN_TYPE = YES_ERROR;
				GCC_WARN_UNDECLARED_SELECTOR = YES;
				GCC_WARN_UNINITIALIZED_AUTOS = YES_AGGRESSIVE;
				GCC_WARN_UNUSED_FUNCTION = YES;
				GCC_WARN_UNUSED_VARIABLE = YES;
				IPHONEOS_DEPLOYMENT_TARGET = 15.5;
				MTL_ENABLE_DEBUG_INFO = NO;
				MTL_FAST_MATH = YES;
				SDKROOT = iphoneos;
				SWIFT_COMPILATION_MODE = wholemodule;
				SWIFT_OPTIMIZATION_LEVEL = "-O";
				VALIDATE_PRODUCT = YES;
			};
			name = Release;
		};
		A0DF6A542997099800020911 /* Debug */ = {
			isa = XCBuildConfiguration;
			buildSettings = {
				ASSETCATALOG_COMPILER_APPICON_NAME = AppIcon;
				ASSETCATALOG_COMPILER_GLOBAL_ACCENT_COLOR_NAME = AccentColor;
				CODE_SIGN_STYLE = Automatic;
				CURRENT_PROJECT_VERSION = 1;
				GENERATE_INFOPLIST_FILE = YES;
				INFOPLIST_FILE = "iOSAutoVideo/App Folder/Info.plist";
				INFOPLIST_KEY_UIApplicationSupportsIndirectInputEvents = YES;
				INFOPLIST_KEY_UILaunchStoryboardName = LaunchScreen;
				INFOPLIST_KEY_UIMainStoryboardFile = Main;
				INFOPLIST_KEY_UISupportedInterfaceOrientations_iPad = "UIInterfaceOrientationPortrait UIInterfaceOrientationPortraitUpsideDown UIInterfaceOrientationLandscapeLeft UIInterfaceOrientationLandscapeRight";
				INFOPLIST_KEY_UISupportedInterfaceOrientations_iPhone = "UIInterfaceOrientationPortrait UIInterfaceOrientationLandscapeLeft UIInterfaceOrientationLandscapeRight";
				IPHONEOS_DEPLOYMENT_TARGET = 13.0;
				LD_RUNPATH_SEARCH_PATHS = (
					"$(inherited)",
					"@executable_path/Frameworks",
				);
				MARKETING_VERSION = 1.0;
				PRODUCT_BUNDLE_IDENTIFIER = com.Krn.iOSAutoVideo;
				PRODUCT_NAME = "$(TARGET_NAME)";
				SWIFT_EMIT_LOC_STRINGS = YES;
				SWIFT_VERSION = 5.0;
				TARGETED_DEVICE_FAMILY = "1,2";
			};
			name = Debug;
		};
		A0DF6A552997099800020911 /* Release */ = {
			isa = XCBuildConfiguration;
			buildSettings = {
				ASSETCATALOG_COMPILER_APPICON_NAME = AppIcon;
				ASSETCATALOG_COMPILER_GLOBAL_ACCENT_COLOR_NAME = AccentColor;
				CODE_SIGN_STYLE = Automatic;
				CURRENT_PROJECT_VERSION = 1;
				GENERATE_INFOPLIST_FILE = YES;
				INFOPLIST_FILE = "iOSAutoVideo/App Folder/Info.plist";
				INFOPLIST_KEY_UIApplicationSupportsIndirectInputEvents = YES;
				INFOPLIST_KEY_UILaunchStoryboardName = LaunchScreen;
				INFOPLIST_KEY_UIMainStoryboardFile = Main;
				INFOPLIST_KEY_UISupportedInterfaceOrientations_iPad = "UIInterfaceOrientationPortrait UIInterfaceOrientationPortraitUpsideDown UIInterfaceOrientationLandscapeLeft UIInterfaceOrientationLandscapeRight";
				INFOPLIST_KEY_UISupportedInterfaceOrientations_iPhone = "UIInterfaceOrientationPortrait UIInterfaceOrientationLandscapeLeft UIInterfaceOrientationLandscapeRight";
				IPHONEOS_DEPLOYMENT_TARGET = 13.0;
				LD_RUNPATH_SEARCH_PATHS = (
					"$(inherited)",
					"@executable_path/Frameworks",
				);
				MARKETING_VERSION = 1.0;
				PRODUCT_BUNDLE_IDENTIFIER = com.Krn.iOSAutoVideo;
				PRODUCT_NAME = "$(TARGET_NAME)";
				SWIFT_EMIT_LOC_STRINGS = YES;
				SWIFT_VERSION = 5.0;
				TARGETED_DEVICE_FAMILY = "1,2";
			};
			name = Release;
		};
/* End XCBuildConfiguration section */

/* Begin XCConfigurationList section */
		A0DF6A3A2997099600020911 /* Build configuration list for PBXProject "iOSAutoVideo" */ = {
			isa = XCConfigurationList;
			buildConfigurations = (
				A0DF6A512997099800020911 /* Debug */,
				A0DF6A522997099800020911 /* Release */,
			);
			defaultConfigurationIsVisible = 0;
			defaultConfigurationName = Release;
		};
		A0DF6A532997099800020911 /* Build configuration list for PBXNativeTarget "iOSAutoVideo" */ = {
			isa = XCConfigurationList;
			buildConfigurations = (
				A0DF6A542997099800020911 /* Debug */,
				A0DF6A552997099800020911 /* Release */,
			);
			defaultConfigurationIsVisible = 0;
			defaultConfigurationName = Release;
		};
/* End XCConfigurationList section */
	};
	rootObject = A0DF6A372997099600020911 /* Project object */;
}
